
Microsoft Visual Studio Solution File, Format Version 12.00
# Visual Studio 15
VisualStudioVersion = 15.0.27703.1
MinimumVisualStudioVersion = 10.0.40219.1
Project("{FAE04EC0-301F-11D3-BF4B-00C04F79EFBC}") = "TeachingAssistantW2", "TeachingAssistantW2\TeachingAssistantW2.csproj", "{D50AC229-1695-432C-A94F-B273FD5FD166}"
EndProject
Global
	GlobalSection(SolutionConfigurationPlatforms) = preSolution
		Debug|Any CPU = Debug|Any CPU
		Release|Any CPU = Release|Any CPU
	EndGlobalSection
	GlobalSection(ProjectConfigurationPlatforms) = postSolution
		{D50AC229-1695-432C-A94F-B273FD5FD166}.Debug|Any CPU.ActiveCfg = Debug|Any CPU
		{D50AC229-1695-432C-A94F-B273FD5FD166}.Debug|Any CPU.Build.0 = Debug|Any CPU
		{D50AC229-1695-432C-A94F-B273FD5FD166}.Release|Any CPU.ActiveCfg = Release|Any CPU
		{D50AC229-1695-432C-A94F-B273FD5FD166}.Release|Any CPU.Build.0 = Release|Any CPU
	EndGlobalSection
	GlobalSection(SolutionProperties) = preSolution
		HideSolutionNode = FALSE
	EndGlobalSection
	GlobalSection(ExtensibilityGlobals) = postSolution
		SolutionGuid = {48ADE982-B78A-471E-804F-2BB6B6B7574D}
	EndGlobalSection
EndGlobal
